
Microsoft Visual Studio Solution File, Format Version 12.00
# Visual Studio 15
VisualStudioVersion = 15.0.28307.1831
MinimumVisualStudioVersion = 10.0.40219.1
Project("{FAE04EC0-301F-11D3-BF4B-00C04F79EFBC}") = "AddLinq1", "AddLinq1\AddLinq1.csproj", "{77822F83-3677-48D1-BAA6-B18EB14ABE04}"
EndProject
Project("{FAE04EC0-301F-11D3-BF4B-00C04F79EFBC}") = "Linq", "Linq\Linq.csproj", "{FAC009CD-DC24-4E43-8BBC-BB21F3F2A813}"
EndProject
Project("{FAE04EC0-301F-11D3-BF4B-00C04F79EFBC}") = "Linq2", "Linq2\Linq2.csproj", "{CAD75C08-5A50-43C8-B14E-BD080B320DBF}"
EndProject
Global
	GlobalSection(SolutionConfigurationPlatforms) = preSolution
		Debug|Any CPU = Debug|Any CPU
		Release|Any CPU = Release|Any CPU
	EndGlobalSection
	GlobalSection(ProjectConfigurationPlatforms) = postSolution
		{77822F83-3677-48D1-BAA6-B18EB14ABE04}.Debug|Any CPU.ActiveCfg = Debug|Any CPU
		{77822F83-3677-48D1-BAA6-B18EB14ABE04}.Debug|Any CPU.Build.0 = Debug|Any CPU
		{77822F83-3677-48D1-BAA6-B18EB14ABE04}.Release|Any CPU.ActiveCfg = Release|Any CPU
		{77822F83-3677-48D1-BAA6-B18EB14ABE04}.Release|Any CPU.Build.0 = Release|Any CPU
		{FAC009CD-DC24-4E43-8BBC-BB21F3F2A813}.Debug|Any CPU.ActiveCfg = Debug|Any CPU
		{FAC009CD-DC24-4E43-8BBC-BB21F3F2A813}.Debug|Any CPU.Build.0 = Debug|Any CPU
		{FAC009CD-DC24-4E43-8BBC-BB21F3F2A813}.Release|Any CPU.ActiveCfg = Release|Any CPU
		{FAC009CD-DC24-4E43-8BBC-BB21F3F2A813}.Release|Any CPU.Build.0 = Release|Any CPU
		{CAD75C08-5A50-43C8-B14E-BD080B320DBF}.Debug|Any CPU.ActiveCfg = Debug|Any CPU
		{CAD75C08-5A50-43C8-B14E-BD080B320DBF}.Debug|Any CPU.Build.0 = Debug|Any CPU
		{CAD75C08-5A50-43C8-B14E-BD080B320DBF}.Release|Any CPU.ActiveCfg = Release|Any CPU
		{CAD75C08-5A50-43C8-B14E-BD080B320DBF}.Release|Any CPU.Build.0 = Release|Any CPU
	EndGlobalSection
	GlobalSection(SolutionProperties) = preSolution
		HideSolutionNode = FALSE
	EndGlobalSection
	GlobalSection(ExtensibilityGlobals) = postSolution
		SolutionGuid = {35850866-58FD-4252-BD22-764118D54F68}
	EndGlobalSection
EndGlobal
